
Microsoft Visual Studio Solution File, Format Version 12.00
# Visual Studio Version 17
VisualStudioVersion = 17.6.33801.468
MinimumVisualStudioVersion = 10.0.40219.1
Project("{FAE04EC0-301F-11D3-BF4B-00C04F79EFBC}") = "BookApi", "BookApi\BookApi.csproj", "{8C383D37-C641-44BB-B145-4FBC6BC20679}"
EndProject
Project("{FAE04EC0-301F-11D3-BF4B-00C04F79EFBC}") = "BookApi.Core", "BookApi.Core\BookApi.Core.csproj", "{9C9EDF9D-9146-4CA5-BB60-2DA7E0531FC8}"
EndProject
Global
	GlobalSection(SolutionConfigurationPlatforms) = preSolution
		Debug|Any CPU = Debug|Any CPU
		Release|Any CPU = Release|Any CPU
	EndGlobalSection
	GlobalSection(ProjectConfigurationPlatforms) = postSolution
		{8C383D37-C641-44BB-B145-4FBC6BC20679}.Debug|Any CPU.ActiveCfg = Debug|Any CPU
		{8C383D37-C641-44BB-B145-4FBC6BC20679}.Debug|Any CPU.Build.0 = Debug|Any CPU
		{8C383D37-C641-44BB-B145-4FBC6BC20679}.Release|Any CPU.ActiveCfg = Release|Any CPU
		{8C383D37-C641-44BB-B145-4FBC6BC20679}.Release|Any CPU.Build.0 = Release|Any CPU
		{9C9EDF9D-9146-4CA5-BB60-2DA7E0531FC8}.Debug|Any CPU.ActiveCfg = Debug|Any CPU
		{9C9EDF9D-9146-4CA5-BB60-2DA7E0531FC8}.Debug|Any CPU.Build.0 = Debug|Any CPU
		{9C9EDF9D-9146-4CA5-BB60-2DA7E0531FC8}.Release|Any CPU.ActiveCfg = Release|Any CPU
		{9C9EDF9D-9146-4CA5-BB60-2DA7E0531FC8}.Release|Any CPU.Build.0 = Release|Any CPU
	EndGlobalSection
	GlobalSection(SolutionProperties) = preSolution
		HideSolutionNode = FALSE
	EndGlobalSection
	GlobalSection(ExtensibilityGlobals) = postSolution
		SolutionGuid = {80BF4AED-7390-45DB-98F2-16A77F8CF139}
	EndGlobalSection
EndGlobal
